PODS:
  - KVOController (1.2.0)
  - ReactiveObjC (3.1.1)

DEPENDENCIES:
  - KVOController
  - ReactiveObjC (~> 3.1)

SPEC REPOS:
  https://github.com/cocoapods/specs.git:
    - KVOController
    - ReactiveObjC

SPEC CHECKSUMS:
  KVOController: d72ace34afea42468329623b3379ab3cd1d286b6
  ReactiveObjC: 011caa393aa0383245f2dcf9bf02e86b80b36040

PODFILE CHECKSUM: 963b3abfff77efc1ad32e2d3b0d4c5f7ade13988

COCOAPODS: 1.6.1
